
Microsoft Visual Studio Solution File, Format Version 11.00
# Visual Studio 2010
Project("{F184B08F-C81C-45F6-A57F-5ABD9991F28F}") = "NETComp VB Sample", "NETComp VB Sample\NETComp VB Sample.vbproj", "{56728932-7DB4-4781-ADD1-353ECA1CA0CB}"
EndProject
Global
	GlobalSection(SolutionConfigurationPlatforms) = preSolution
		Debug|x86 = Debug|x86
		Release|x86 = Release|x86
	EndGlobalSection
	GlobalSection(ProjectConfigurationPlatforms) = postSolution
		{56728932-7DB4-4781-ADD1-353ECA1CA0CB}.Debug|x86.ActiveCfg = Debug|x86
		{56728932-7DB4-4781-ADD1-353ECA1CA0CB}.Debug|x86.Build.0 = Debug|x86
		{56728932-7DB4-4781-ADD1-353ECA1CA0CB}.Release|x86.ActiveCfg = Release|x86
		{56728932-7DB4-4781-ADD1-353ECA1CA0CB}.Release|x86.Build.0 = Release|x86
	EndGlobalSection
	GlobalSection(SolutionProperties) = preSolution
		HideSolutionNode = FALSE
	EndGlobalSection
EndGlobal
