
Microsoft Visual Studio Solution File, Format Version 11.00
# Visual Studio 2010
Project("{FAE04EC0-301F-11D3-BF4B-00C04F79EFBC}") = "PIEHid64Sample", "PIEHid64Sample\PIEHid64Sample.csproj", "{65A11B69-503D-4426-8971-8F1115A2F78E}"
EndProject
Global
	GlobalSection(SolutionConfigurationPlatforms) = preSolution
		Debug|x86 = Debug|x86
		Release|x86 = Release|x86
	EndGlobalSection
	GlobalSection(ProjectConfigurationPlatforms) = postSolution
		{65A11B69-503D-4426-8971-8F1115A2F78E}.Debug|x86.ActiveCfg = Debug|Any CPU
		{65A11B69-503D-4426-8971-8F1115A2F78E}.Release|x86.ActiveCfg = Release|Any CPU
		{65A11B69-503D-4426-8971-8F1115A2F78E}.Release|x86.Build.0 = Release|Any CPU
	EndGlobalSection
	GlobalSection(SolutionProperties) = preSolution
		HideSolutionNode = FALSE
	EndGlobalSection
EndGlobal
